
Microsoft Visual Studio Solution File, Format Version 12.00
Project("{FAE04EC0-301F-11D3-BF4B-00C04F79EFBC}") = "Hackathon.Core", "Hackathon.Core\Hackathon.Core.csproj", "{EAED113A-7627-4A2C-9515-44C446CBE5B5}"
EndProject
Project("{FAE04EC0-301F-11D3-BF4B-00C04F79EFBC}") = "Hackathon.Tests", "Hackathon.Tests\Hackathon.Tests.csproj", "{8CA513D3-19A1-44B4-BE45-D2F38988E09E}"
EndProject
Project("{FAE04EC0-301F-11D3-BF4B-00C04F79EFBC}") = "Hackathon.DataBase", "Hackathon.DataBase\Hackathon.DataBase.csproj", "{34418CFA-9FFF-41C9-9B14-9220EC86BF42}"
EndProject
Project("{FAE04EC0-301F-11D3-BF4B-00C04F79EFBC}") = "Hackathon.GenericHost", "Hackathon.GenericHost\Hackathon.GenericHost.csproj", "{DE421CA5-646B-4CAF-B96E-D58B9E6DE71D}"
EndProject
Global
	GlobalSection(SolutionConfigurationPlatforms) = preSolution
		Debug|Any CPU = Debug|Any CPU
		Release|Any CPU = Release|Any CPU
	EndGlobalSection
	GlobalSection(ProjectConfigurationPlatforms) = postSolution
		{EAED113A-7627-4A2C-9515-44C446CBE5B5}.Debug|Any CPU.ActiveCfg = Debug|Any CPU
		{EAED113A-7627-4A2C-9515-44C446CBE5B5}.Debug|Any CPU.Build.0 = Debug|Any CPU
		{EAED113A-7627-4A2C-9515-44C446CBE5B5}.Release|Any CPU.ActiveCfg = Release|Any CPU
		{EAED113A-7627-4A2C-9515-44C446CBE5B5}.Release|Any CPU.Build.0 = Release|Any CPU
		{8CA513D3-19A1-44B4-BE45-D2F38988E09E}.Debug|Any CPU.ActiveCfg = Debug|Any CPU
		{8CA513D3-19A1-44B4-BE45-D2F38988E09E}.Debug|Any CPU.Build.0 = Debug|Any CPU
		{8CA513D3-19A1-44B4-BE45-D2F38988E09E}.Release|Any CPU.ActiveCfg = Release|Any CPU
		{8CA513D3-19A1-44B4-BE45-D2F38988E09E}.Release|Any CPU.Build.0 = Release|Any CPU
		{34418CFA-9FFF-41C9-9B14-9220EC86BF42}.Debug|Any CPU.ActiveCfg = Debug|Any CPU
		{34418CFA-9FFF-41C9-9B14-9220EC86BF42}.Debug|Any CPU.Build.0 = Debug|Any CPU
		{34418CFA-9FFF-41C9-9B14-9220EC86BF42}.Release|Any CPU.ActiveCfg = Release|Any CPU
		{34418CFA-9FFF-41C9-9B14-9220EC86BF42}.Release|Any CPU.Build.0 = Release|Any CPU
		{DE421CA5-646B-4CAF-B96E-D58B9E6DE71D}.Debug|Any CPU.ActiveCfg = Debug|Any CPU
		{DE421CA5-646B-4CAF-B96E-D58B9E6DE71D}.Debug|Any CPU.Build.0 = Debug|Any CPU
		{DE421CA5-646B-4CAF-B96E-D58B9E6DE71D}.Release|Any CPU.ActiveCfg = Release|Any CPU
		{DE421CA5-646B-4CAF-B96E-D58B9E6DE71D}.Release|Any CPU.Build.0 = Release|Any CPU
	EndGlobalSection
EndGlobal
